
Microsoft Visual Studio Solution File, Format Version 12.00
# Visual Studio Version 17
VisualStudioVersion = 17.9.34723.18
MinimumVisualStudioVersion = 10.0.40219.1
Project("{FAE04EC0-301F-11D3-BF4B-00C04F79EFBC}") = "MojProjekatPonovo", "MojProjekatPonovo\MojProjekatPonovo.csproj", "{5E715D48-A157-4FFF-82AD-C8202B633482}"
EndProject
Global
	GlobalSection(SolutionConfigurationPlatforms) = preSolution
		Debug|Any CPU = Debug|Any CPU
		Release|Any CPU = Release|Any CPU
	EndGlobalSection
	GlobalSection(ProjectConfigurationPlatforms) = postSolution
		{5E715D48-A157-4FFF-82AD-C8202B633482}.Debug|Any CPU.ActiveCfg = Debug|Any CPU
		{5E715D48-A157-4FFF-82AD-C8202B633482}.Debug|Any CPU.Build.0 = Debug|Any CPU
		{5E715D48-A157-4FFF-82AD-C8202B633482}.Release|Any CPU.ActiveCfg = Release|Any CPU
		{5E715D48-A157-4FFF-82AD-C8202B633482}.Release|Any CPU.Build.0 = Release|Any CPU
	EndGlobalSection
	GlobalSection(SolutionProperties) = preSolution
		HideSolutionNode = FALSE
	EndGlobalSection
	GlobalSection(ExtensibilityGlobals) = postSolution
		SolutionGuid = {EC68A2D4-6848-43EB-8598-DF072CD56F61}
	EndGlobalSection
EndGlobal
